
Microsoft Visual Studio Solution File, Format Version 12.00
# Visual Studio Version 16
VisualStudioVersion = 16.0.29409.12
MinimumVisualStudioVersion = 15.0.26124.0
Project("{6EC3EE1D-3C4E-46DD-8F32-0CC8E7565705}") = "Simiosoft.Prelude", "src\Simiosoft.Prelude.fsproj", "{2F7F54C5-D3AB-407F-ADDC-C9D1E9466396}"
EndProject
Project("{2150E333-8FDC-42A3-9474-1A3956D46DE8}") = "Metacontent", "Metacontent", "{63DDF8F6-23FA-4976-9BDB-BCCEB4DFBBA9}"
	ProjectSection(SolutionItems) = preProject
		.editorconfig = .editorconfig
		.gitignore = .gitignore
		nuget.config = nuget.config
		.github\workflows\publish-nuget.yml = .github\workflows\publish-nuget.yml
		README.md = README.md
	EndProjectSection
EndProject
Global
	GlobalSection(SolutionConfigurationPlatforms) = preSolution
		Debug|Any CPU = Debug|Any CPU
		Debug|x64 = Debug|x64
		Debug|x86 = Debug|x86
		Release|Any CPU = Release|Any CPU
		Release|x64 = Release|x64
		Release|x86 = Release|x86
	EndGlobalSection
	GlobalSection(ProjectConfigurationPlatforms) = postSolution
		{2F7F54C5-D3AB-407F-ADDC-C9D1E9466396}.Debug|Any CPU.ActiveCfg = Debug|Any CPU
		{2F7F54C5-D3AB-407F-ADDC-C9D1E9466396}.Debug|Any CPU.Build.0 = Debug|Any CPU
		{2F7F54C5-D3AB-407F-ADDC-C9D1E9466396}.Debug|x64.ActiveCfg = Debug|Any CPU
		{2F7F54C5-D3AB-407F-ADDC-C9D1E9466396}.Debug|x64.Build.0 = Debug|Any CPU
		{2F7F54C5-D3AB-407F-ADDC-C9D1E9466396}.Debug|x86.ActiveCfg = Debug|Any CPU
		{2F7F54C5-D3AB-407F-ADDC-C9D1E9466396}.Debug|x86.Build.0 = Debug|Any CPU
		{2F7F54C5-D3AB-407F-ADDC-C9D1E9466396}.Release|Any CPU.ActiveCfg = Release|Any CPU
		{2F7F54C5-D3AB-407F-ADDC-C9D1E9466396}.Release|Any CPU.Build.0 = Release|Any CPU
		{2F7F54C5-D3AB-407F-ADDC-C9D1E9466396}.Release|x64.ActiveCfg = Release|Any CPU
		{2F7F54C5-D3AB-407F-ADDC-C9D1E9466396}.Release|x64.Build.0 = Release|Any CPU
		{2F7F54C5-D3AB-407F-ADDC-C9D1E9466396}.Release|x86.ActiveCfg = Release|Any CPU
		{2F7F54C5-D3AB-407F-ADDC-C9D1E9466396}.Release|x86.Build.0 = Release|Any CPU
	EndGlobalSection
	GlobalSection(SolutionProperties) = preSolution
		HideSolutionNode = FALSE
	EndGlobalSection
	GlobalSection(ExtensibilityGlobals) = postSolution
		SolutionGuid = {24543603-A5AD-4693-A900-729EFCE9CFA1}
	EndGlobalSection
EndGlobal
